
Microsoft Visual Studio Solution File, Format Version 12.00
# Visual Studio Version 17
VisualStudioVersion = 17.2.32526.322
MinimumVisualStudioVersion = 10.0.40219.1
Project("{9A19103F-16F7-4668-BE54-9A1E7A4F7556}") = "JsonModelConvert", "JsonModelConvert.csproj", "{F75CBF6E-F9A5-4F9A-9860-4DB568885A65}"
EndProject
Global
	GlobalSection(SolutionConfigurationPlatforms) = preSolution
		Debug|Any CPU = Debug|Any CPU
		Release|Any CPU = Release|Any CPU
	EndGlobalSection
	GlobalSection(ProjectConfigurationPlatforms) = postSolution
		{F75CBF6E-F9A5-4F9A-9860-4DB568885A65}.Debug|Any CPU.ActiveCfg = Debug|Any CPU
		{F75CBF6E-F9A5-4F9A-9860-4DB568885A65}.Debug|Any CPU.Build.0 = Debug|Any CPU
		{F75CBF6E-F9A5-4F9A-9860-4DB568885A65}.Release|Any CPU.ActiveCfg = Release|Any CPU
		{F75CBF6E-F9A5-4F9A-9860-4DB568885A65}.Release|Any CPU.Build.0 = Release|Any CPU
	EndGlobalSection
	GlobalSection(SolutionProperties) = preSolution
		HideSolutionNode = FALSE
	EndGlobalSection
	GlobalSection(ExtensibilityGlobals) = postSolution
		SolutionGuid = {29B65554-176E-4B21-AAA6-27723536C93E}
	EndGlobalSection
EndGlobal
